
Microsoft Visual Studio Solution File, Format Version 12.00
# Visual Studio Version 17
VisualStudioVersion = 17.5.002.0
MinimumVisualStudioVersion = 10.0.40219.1
Project("{9A19103F-16F7-4668-BE54-9A1E7A4F7556}") = "UcareBlazorApp", "UcareBlazorApp.csproj", "{3C1B8FBD-453F-4A47-A80F-F3EB4578D88A}"
EndProject
Global
	GlobalSection(SolutionConfigurationPlatforms) = preSolution
		Debug|Any CPU = Debug|Any CPU
		Release|Any CPU = Release|Any CPU
	EndGlobalSection
	GlobalSection(ProjectConfigurationPlatforms) = postSolution
		{3C1B8FBD-453F-4A47-A80F-F3EB4578D88A}.Debug|Any CPU.ActiveCfg = Debug|Any CPU
		{3C1B8FBD-453F-4A47-A80F-F3EB4578D88A}.Debug|Any CPU.Build.0 = Debug|Any CPU
		{3C1B8FBD-453F-4A47-A80F-F3EB4578D88A}.Release|Any CPU.ActiveCfg = Release|Any CPU
		{3C1B8FBD-453F-4A47-A80F-F3EB4578D88A}.Release|Any CPU.Build.0 = Release|Any CPU
	EndGlobalSection
	GlobalSection(SolutionProperties) = preSolution
		HideSolutionNode = FALSE
	EndGlobalSection
	GlobalSection(ExtensibilityGlobals) = postSolution
		SolutionGuid = {3892042F-8504-4FDF-ABB1-CDD7AA892E6E}
	EndGlobalSection
EndGlobal
